
Microsoft Visual Studio Solution File, Format Version 12.00
# Visual Studio Version 17
VisualStudioVersion = 17.5.002.0
MinimumVisualStudioVersion = 10.0.40219.1
Project("{9A19103F-16F7-4668-BE54-9A1E7A4F7556}") = "SistemaEstacionamento", "SistemaEstacionamento.csproj", "{082E24C3-BA93-4204-9739-2CD41AE7C70F}"
EndProject
Global
	GlobalSection(SolutionConfigurationPlatforms) = preSolution
		Debug|Any CPU = Debug|Any CPU
		Release|Any CPU = Release|Any CPU
	EndGlobalSection
	GlobalSection(ProjectConfigurationPlatforms) = postSolution
		{082E24C3-BA93-4204-9739-2CD41AE7C70F}.Debug|Any CPU.ActiveCfg = Debug|Any CPU
		{082E24C3-BA93-4204-9739-2CD41AE7C70F}.Debug|Any CPU.Build.0 = Debug|Any CPU
		{082E24C3-BA93-4204-9739-2CD41AE7C70F}.Release|Any CPU.ActiveCfg = Release|Any CPU
		{082E24C3-BA93-4204-9739-2CD41AE7C70F}.Release|Any CPU.Build.0 = Release|Any CPU
	EndGlobalSection
	GlobalSection(SolutionProperties) = preSolution
		HideSolutionNode = FALSE
	EndGlobalSection
	GlobalSection(ExtensibilityGlobals) = postSolution
		SolutionGuid = {47CD2484-9010-49BA-BDD6-B8C32A9E8860}
	EndGlobalSection
EndGlobal
